
Microsoft Visual Studio Solution File, Format Version 12.00
# Visual Studio Version 17
VisualStudioVersion = 17.9.34622.214
MinimumVisualStudioVersion = 10.0.40219.1
Project("{FAE04EC0-301F-11D3-BF4B-00C04F79EFBC}") = "XamlDemo", "XamlDemo\XamlDemo.csproj", "{E613AE04-6209-4FEC-A3CC-E85BD08A7C94}"
EndProject
Global
	GlobalSection(SolutionConfigurationPlatforms) = preSolution
		Debug|Any CPU = Debug|Any CPU
		Release|Any CPU = Release|Any CPU
	EndGlobalSection
	GlobalSection(ProjectConfigurationPlatforms) = postSolution
		{E613AE04-6209-4FEC-A3CC-E85BD08A7C94}.Debug|Any CPU.ActiveCfg = Debug|Any CPU
		{E613AE04-6209-4FEC-A3CC-E85BD08A7C94}.Debug|Any CPU.Build.0 = Debug|Any CPU
		{E613AE04-6209-4FEC-A3CC-E85BD08A7C94}.Release|Any CPU.ActiveCfg = Release|Any CPU
		{E613AE04-6209-4FEC-A3CC-E85BD08A7C94}.Release|Any CPU.Build.0 = Release|Any CPU
	EndGlobalSection
	GlobalSection(SolutionProperties) = preSolution
		HideSolutionNode = FALSE
	EndGlobalSection
	GlobalSection(ExtensibilityGlobals) = postSolution
		SolutionGuid = {ACA9F070-7873-4CDB-BE15-4C0B19E1F41D}
	EndGlobalSection
EndGlobal
